Microsoft Visual Studio Solution File, Format Version 11.00
# Visual Studio 2008

Project("{1C766CB1-E765-8B9F-F43F-7D10A207B2F3}") = "VGDC-Winter-Game-Jam-Group-10", "Assembly-CSharp.csproj", "{2B93D858-30CF-4833-AEDB-6B8CE19F468B}"
EndProject
Global
	GlobalSection(SolutionConfigurationPlatforms) = preSolution
		Debug|Any CPU = Debug|Any CPU
		Release|Any CPU = Release|Any CPU
	EndGlobalSection
	GlobalSection(ProjectConfigurationPlatforms) = postSolution
		{2B93D858-30CF-4833-AEDB-6B8CE19F468B}.Debug|Any CPU.ActiveCfg = Debug|Any CPU
		{2B93D858-30CF-4833-AEDB-6B8CE19F468B}.Debug|Any CPU.Build.0 = Debug|Any CPU
		{2B93D858-30CF-4833-AEDB-6B8CE19F468B}.Release|Any CPU.ActiveCfg = Release|Any CPU
		{2B93D858-30CF-4833-AEDB-6B8CE19F468B}.Release|Any CPU.Build.0 = Release|Any CPU
	EndGlobalSection
	GlobalSection(SolutionProperties) = preSolution
		HideSolutionNode = FALSE
	EndGlobalSection
																											GlobalSection(MonoDevelopProperties) = preSolution
		StartupItem = Assembly-CSharp.csproj
	EndGlobalSection
EndGlobal
